PODS:
  - AFNetworking (1.3.4)
  - AFOAuth2Client (0.1.2):
    - AFNetworking (~> 1.3)
  - MendeleySDK (2.0):
    - AFOAuth2Client (~> 0.1.2)

DEPENDENCIES:
  - MendeleySDK (from `../../`)

EXTERNAL SOURCES:
  MendeleySDK:
    :path: ../../

SPEC CHECKSUMS:
  AFNetworking: cf8e418e16f0c9c7e5c3150d019a3c679d015018
  AFOAuth2Client: ca9490461c522b6c4be37a26a3366c8d91856519
  MendeleySDK: c039bc4e800107cc5237382910eef99cb2106e8a

COCOAPODS: 0.39.0
