// !$*UTF8*$!
{
	archiveVersion = 1;
	classes = {
	};
	objectVersion = 46;
	objects = {

/* Begin PBXBuildFile section */
		141E670016272670002939D2 /* MDLDocumentSearchViewController.m in Sources */ = {isa = PBXBuildFile; fileRef = 141E66FF16272670002939D2 /* MDLDocumentSearchViewController.m */; };
		141E67021627330E002939D2 /* Icon.png in Resources */ = {isa = PBXBuildFile; fileRef = 141E67011627330E002939D2 /* Icon.png */; };
		141E670416273311002939D2 /* Icon@2x.png in Resources */ = {isa = PBXBuildFile; fileRef = 141E670316273311002939D2 /* Icon@2x.png */; };
		141E670616273319002939D2 /* Icon-72.png in Resources */ = {isa = PBXBuildFile; fileRef = 141E670516273319002939D2 /* Icon-72.png */; };
		141E67081627331C002939D2 /* Icon-72@2x.png in Resources */ = {isa = PBXBuildFile; fileRef = 141E67071627331C002939D2 /* Icon-72@2x.png */; };
		14AFCB681626DFD900AC81A6 /* MDLDocumentSearchResultsViewController.m in Sources */ = {isa = PBXBuildFile; fileRef = 14AFCB671626DFD800AC81A6 /* MDLDocumentSearchResultsViewController.m */; };
		14C1E2CA16246F27005D914C /* UIKit.framework in Frameworks */ = {isa = PBXBuildFile; fileRef = 14C1E2C916246F27005D914C /* UIKit.framework */; };
		14C1E2CC16246F27005D914C /* Foundation.framework in Frameworks */ = {isa = PBXBuildFile; fileRef = 14C1E2CB16246F27005D914C /* Foundation.framework */; };
		14C1E2CE16246F27005D914C /* CoreGraphics.framework in Frameworks */ = {isa = PBXBuildFile; fileRef = 14C1E2CD16246F27005D914C /* CoreGraphics.framework */; };
		14C1E2D416246F27005D914C /* InfoPlist.strings in Resources */ = {isa = PBXBuildFile; fileRef = 14C1E2D216246F27005D914C /* InfoPlist.strings */; };
		14C1E2D616246F27005D914C /* main.m in Sources */ = {isa = PBXBuildFile; fileRef = 14C1E2D516246F27005D914C /* main.m */; };
		14C1E2DA16246F27005D914C /* MDLAppDelegate.m in Sources */ = {isa = PBXBuildFile; fileRef = 14C1E2D916246F27005D914C /* MDLAppDelegate.m */; };
		14C1E2DC16246F27005D914C /* Default.png in Resources */ = {isa = PBXBuildFile; fileRef = 14C1E2DB16246F27005D914C /* Default.png */; };
		14C1E2DE16246F27005D914C /* Default@2x.png in Resources */ = {isa = PBXBuildFile; fileRef = 14C1E2DD16246F27005D914C /* Default@2x.png */; };
		14C1E2E016246F27005D914C /* Default-568h@2x.png in Resources */ = {isa = PBXBuildFile; fileRef = 14C1E2DF16246F27005D914C /* Default-568h@2x.png */; };
		14C1E2E316246F27005D914C /* MainStoryboard_iPhone.storyboard in Resources */ = {isa = PBXBuildFile; fileRef = 14C1E2E116246F27005D914C /* MainStoryboard_iPhone.storyboard */; };
		14C1E2E916246F27005D914C /* MDLDocumentCreatorViewController.m in Sources */ = {isa = PBXBuildFile; fileRef = 14C1E2E816246F27005D914C /* MDLDocumentCreatorViewController.m */; };
		14C1E2F116246F28005D914C /* SenTestingKit.framework in Frameworks */ = {isa = PBXBuildFile; fileRef = 14C1E2F016246F28005D914C /* SenTestingKit.framework */; };
		14C1E2F216246F28005D914C /* UIKit.framework in Frameworks */ = {isa = PBXBuildFile; fileRef = 14C1E2C916246F27005D914C /* UIKit.framework */; };
		14C1E2F316246F28005D914C /* Foundation.framework in Frameworks */ = {isa = PBXBuildFile; fileRef = 14C1E2CB16246F27005D914C /* Foundation.framework */; };
		14C1E2FB16246F28005D914C /* InfoPlist.strings in Resources */ = {isa = PBXBuildFile; fileRef = 14C1E2F916246F28005D914C /* InfoPlist.strings */; };
		14C1E2FE16246F28005D914C /* MendeleySDKDemoTests.m in Sources */ = {isa = PBXBuildFile; fileRef = 14C1E2FD16246F28005D914C /* MendeleySDKDemoTests.m */; };
		14C1E31D16246F4B005D914C /* AFHTTPClient.m in Sources */ = {isa = PBXBuildFile; fileRef = 14C1E30916246F4B005D914C /* AFHTTPClient.m */; settings = {COMPILER_FLAGS = "-fno-objc-arc"; }; };
		14C1E31E16246F4B005D914C /* AFHTTPRequestOperation.m in Sources */ = {isa = PBXBuildFile; fileRef = 14C1E30B16246F4B005D914C /* AFHTTPRequestOperation.m */; settings = {COMPILER_FLAGS = "-fno-objc-arc"; }; };
		14C1E31F16246F4B005D914C /* AFImageRequestOperation.m in Sources */ = {isa = PBXBuildFile; fileRef = 14C1E30D16246F4B005D914C /* AFImageRequestOperation.m */; settings = {COMPILER_FLAGS = "-fno-objc-arc"; }; };
		14C1E32016246F4B005D914C /* AFJSONRequestOperation.m in Sources */ = {isa = PBXBuildFile; fileRef = 14C1E30F16246F4B005D914C /* AFJSONRequestOperation.m */; settings = {COMPILER_FLAGS = "-fno-objc-arc"; }; };
		14C1E32116246F4B005D914C /* AFJSONUtilities.m in Sources */ = {isa = PBXBuildFile; fileRef = 14C1E31116246F4B005D914C /* AFJSONUtilities.m */; settings = {COMPILER_FLAGS = "-fno-objc-arc"; }; };
		14C1E32216246F4B005D914C /* AFNetworkActivityIndicatorManager.m in Sources */ = {isa = PBXBuildFile; fileRef = 14C1E31316246F4B005D914C /* AFNetworkActivityIndicatorManager.m */; settings = {COMPILER_FLAGS = "-fno-objc-arc"; }; };
		14C1E32316246F4B005D914C /* AFPropertyListRequestOperation.m in Sources */ = {isa = PBXBuildFile; fileRef = 14C1E31616246F4B005D914C /* AFPropertyListRequestOperation.m */; settings = {COMPILER_FLAGS = "-fno-objc-arc"; }; };
		14C1E32416246F4B005D914C /* AFURLConnectionOperation.m in Sources */ = {isa = PBXBuildFile; fileRef = 14C1E31816246F4B005D914C /* AFURLConnectionOperation.m */; settings = {COMPILER_FLAGS = "-fno-objc-arc"; }; };
		14C1E32516246F4B005D914C /* AFXMLRequestOperation.m in Sources */ = {isa = PBXBuildFile; fileRef = 14C1E31A16246F4B005D914C /* AFXMLRequestOperation.m */; settings = {COMPILER_FLAGS = "-fno-objc-arc"; }; };
		14C1E32616246F4B005D914C /* UIImageView+AFNetworking.m in Sources */ = {isa = PBXBuildFile; fileRef = 14C1E31C16246F4B005D914C /* UIImageView+AFNetworking.m */; settings = {COMPILER_FLAGS = "-fno-objc-arc"; }; };
		14C1E32916246F5D005D914C /* AFOAuth1Client.m in Sources */ = {isa = PBXBuildFile; fileRef = 14C1E32816246F5D005D914C /* AFOAuth1Client.m */; settings = {COMPILER_FLAGS = "-fno-objc-arc"; }; };
		14C1E33516246F7C005D914C /* MDLMendeleyAPIClient.m in Sources */ = {isa = PBXBuildFile; fileRef = 14C1E33116246F7C005D914C /* MDLMendeleyAPIClient.m */; };
		14C1E33916247003005D914C /* CoreData.framework in Frameworks */ = {isa = PBXBuildFile; fileRef = 14C1E33816247003005D914C /* CoreData.framework */; };
		14C1E33C1624715D005D914C /* MDLDocument.m in Sources */ = {isa = PBXBuildFile; fileRef = 14C1E33B1624715D005D914C /* MDLDocument.m */; };
/* End PBXBuildFile section */

/* Begin PBXContainerItemProxy section */
		14C1E2F416246F28005D914C /* PBXContainerItemProxy */ = {
			isa = PBXContainerItemProxy;
			containerPortal = 14C1E2BC16246F27005D914C /* Project object */;
			proxyType = 1;
			remoteGlobalIDString = 14C1E2C416246F27005D914C;
			remoteInfo = MendeleySDKDemo;
		};
/* End PBXContainerItemProxy section */

/* Begin PBXFileReference section */
		141E66FE16272670002939D2 /* MDLDocumentSearchViewController.h */ = {isa = PBXFileReference; fileEncoding = 4; lastKnownFileType = sourcecode.c.h; name = MDLDocumentSearchViewController.h; path = classes/MDLDocumentSearchViewController.h; sourceTree = "<group>"; };
		141E66FF16272670002939D2 /* MDLDocumentSearchViewController.m */ = {isa = PBXFileReference; fileEncoding = 4; lastKnownFileType = sourcecode.c.objc; name = MDLDocumentSearchViewController.m; path = classes/MDLDocumentSearchViewController.m; sourceTree = "<group>"; };
		141E67011627330E002939D2 /* Icon.png */ = {isa = PBXFileReference; lastKnownFileType = image.png; name = Icon.png; path = ../Icon.png; sourceTree = "<group>"; };
		141E670316273311002939D2 /* Icon@2x.png */ = {isa = PBXFileReference; lastKnownFileType = image.png; name = "Icon@2x.png"; path = "../Icon@2x.png"; sourceTree = "<group>"; };
		141E670516273319002939D2 /* Icon-72.png */ = {isa = PBXFileReference; lastKnownFileType = image.png; name = "Icon-72.png"; path = "../Icon-72.png"; sourceTree = "<group>"; };
		141E67071627331C002939D2 /* Icon-72@2x.png */ = {isa = PBXFileReference; lastKnownFileType = image.png; name = "Icon-72@2x.png"; path = "../Icon-72@2x.png"; sourceTree = "<group>"; };
		14AFCB661626DFD800AC81A6 /* MDLDocumentSearchResultsViewController.h */ = {isa = PBXFileReference; fileEncoding = 4; lastKnownFileType = sourcecode.c.h; name = MDLDocumentSearchResultsViewController.h; path = classes/MDLDocumentSearchResultsViewController.h; sourceTree = "<group>"; };
		14AFCB671626DFD800AC81A6 /* MDLDocumentSearchResultsViewController.m */ = {isa = PBXFileReference; fileEncoding = 4; lastKnownFileType = sourcecode.c.objc; name = MDLDocumentSearchResultsViewController.m; path = classes/MDLDocumentSearchResultsViewController.m; sourceTree = "<group>"; };
		14C1E2C516246F27005D914C /* MendeleySDKDemo.app */ = {isa = PBXFileReference; explicitFileType = wrapper.application; includeInIndex = 0; path = MendeleySDKDemo.app; sourceTree = BUILT_PRODUCTS_DIR; };
		14C1E2C916246F27005D914C /* UIKit.framework */ = {isa = PBXFileReference; lastKnownFileType = wrapper.framework; name = UIKit.framework; path = System/Library/Frameworks/UIKit.framework; sourceTree = SDKROOT; };
		14C1E2CB16246F27005D914C /* Foundation.framework */ = {isa = PBXFileReference; lastKnownFileType = wrapper.framework; name = Foundation.framework; path = System/Library/Frameworks/Foundation.framework; sourceTree = SDKROOT; };
		14C1E2CD16246F27005D914C /* CoreGraphics.framework */ = {isa = PBXFileReference; lastKnownFileType = wrapper.framework; name = CoreGraphics.framework; path = System/Library/Frameworks/CoreGraphics.framework; sourceTree = SDKROOT; };
		14C1E2D116246F27005D914C /* MendeleySDKDemo-Info.plist */ = {isa = PBXFileReference; lastKnownFileType = text.plist.xml; name = "MendeleySDKDemo-Info.plist"; path = "../MendeleySDKDemo/MendeleySDKDemo-Info.plist"; sourceTree = "<group>"; };
		14C1E2D316246F27005D914C /* en */ = {isa = PBXFileReference; lastKnownFileType = text.plist.strings; name = en; path = en.lproj/InfoPlist.strings; sourceTree = "<group>"; };
		14C1E2D516246F27005D914C /* main.m */ = {isa = PBXFileReference; lastKnownFileType = sourcecode.c.objc; name = main.m; path = ../MendeleySDKDemo/main.m; sourceTree = "<group>"; };
		14C1E2D716246F27005D914C /* MendeleySDKDemo-Prefix.pch */ = {isa = PBXFileReference; lastKnownFileType = sourcecode.c.h; name = "MendeleySDKDemo-Prefix.pch"; path = "../MendeleySDKDemo/MendeleySDKDemo-Prefix.pch"; sourceTree = "<group>"; };
		14C1E2D816246F27005D914C /* MDLAppDelegate.h */ = {isa = PBXFileReference; lastKnownFileType = sourcecode.c.h; name = MDLAppDelegate.h; path = classes/MDLAppDelegate.h; sourceTree = "<group>"; };
		14C1E2D916246F27005D914C /* MDLAppDelegate.m */ = {isa = PBXFileReference; lastKnownFileType = sourcecode.c.objc; name = MDLAppDelegate.m; path = classes/MDLAppDelegate.m; sourceTree = "<group>"; };
		14C1E2DB16246F27005D914C /* Default.png */ = {isa = PBXFileReference; lastKnownFileType = image.png; name = Default.png; path = ../MendeleySDKDemo/Default.png; sourceTree = "<group>"; };
		14C1E2DD16246F27005D914C /* Default@2x.png */ = {isa = PBXFileReference; lastKnownFileType = image.png; name = "Default@2x.png"; path = "../MendeleySDKDemo/Default@2x.png"; sourceTree = "<group>"; };
		14C1E2DF16246F27005D914C /* Default-568h@2x.png */ = {isa = PBXFileReference; lastKnownFileType = image.png; name = "Default-568h@2x.png"; path = "../MendeleySDKDemo/Default-568h@2x.png"; sourceTree = "<group>"; };
		14C1E2E216246F27005D914C /* en */ = {isa = PBXFileReference; lastKnownFileType = file.storyboard; name = en; path = en.lproj/MainStoryboard_iPhone.storyboard; sourceTree = "<group>"; };
		14C1E2E716246F27005D914C /* MDLDocumentCreatorViewController.h */ = {isa = PBXFileReference; lastKnownFileType = sourcecode.c.h; name = MDLDocumentCreatorViewController.h; path = classes/MDLDocumentCreatorViewController.h; sourceTree = "<group>"; };
		14C1E2E816246F27005D914C /* MDLDocumentCreatorViewController.m */ = {isa = PBXFileReference; lastKnownFileType = sourcecode.c.objc; name = MDLDocumentCreatorViewController.m; path = classes/MDLDocumentCreatorViewController.m; sourceTree = "<group>"; };
		14C1E2EF16246F28005D914C /* MendeleySDKDemoTests.octest */ = {isa = PBXFileReference; explicitFileType = wrapper.cfbundle; includeInIndex = 0; path = MendeleySDKDemoTests.octest; sourceTree = BUILT_PRODUCTS_DIR; };
		14C1E2F016246F28005D914C /* SenTestingKit.framework */ = {isa = PBXFileReference; lastKnownFileType = wrapper.framework; name = SenTestingKit.framework; path = Library/Frameworks/SenTestingKit.framework; sourceTree = DEVELOPER_DIR; };
		14C1E2F816246F28005D914C /* MendeleySDKDemoTests-Info.plist */ = {isa = PBXFileReference; lastKnownFileType = text.plist.xml; name = "MendeleySDKDemoTests-Info.plist"; path = "../MendeleySDKDemoTests/MendeleySDKDemoTests-Info.plist"; sourceTree = "<group>"; };
		14C1E2FA16246F28005D914C /* en */ = {isa = PBXFileReference; lastKnownFileType = text.plist.strings; name = en; path = en.lproj/InfoPlist.strings; sourceTree = "<group>"; };
		14C1E2FC16246F28005D914C /* MendeleySDKDemoTests.h */ = {isa = PBXFileReference; lastKnownFileType = sourcecode.c.h; name = MendeleySDKDemoTests.h; path = ../MendeleySDKDemoTests/MendeleySDKDemoTests.h; sourceTree = "<group>"; };
		14C1E2FD16246F28005D914C /* MendeleySDKDemoTests.m */ = {isa = PBXFileReference; lastKnownFileType = sourcecode.c.objc; name = MendeleySDKDemoTests.m; path = ../MendeleySDKDemoTests/MendeleySDKDemoTests.m; sourceTree = "<group>"; };
		14C1E30816246F4B005D914C /* AFHTTPClient.h */ = {isa = PBXFileReference; fileEncoding = 4; lastKnownFileType = sourcecode.c.h; path = AFHTTPClient.h; sourceTree = "<group>"; };
		14C1E30916246F4B005D914C /* AFHTTPClient.m */ = {isa = PBXFileReference; fileEncoding = 4; lastKnownFileType = sourcecode.c.objc; path = AFHTTPClient.m; sourceTree = "<group>"; };
		14C1E30A16246F4B005D914C /* AFHTTPRequestOperation.h */ = {isa = PBXFileReference; fileEncoding = 4; lastKnownFileType = sourcecode.c.h; path = AFHTTPRequestOperation.h; sourceTree = "<group>"; };
		14C1E30B16246F4B005D914C /* AFHTTPRequestOperation.m */ = {isa = PBXFileReference; fileEncoding = 4; lastKnownFileType = sourcecode.c.objc; path = AFHTTPRequestOperation.m; sourceTree = "<group>"; };
		14C1E30C16246F4B005D914C /* AFImageRequestOperation.h */ = {isa = PBXFileReference; fileEncoding = 4; lastKnownFileType = sourcecode.c.h; path = AFImageRequestOperation.h; sourceTree = "<group>"; };
		14C1E30D16246F4B005D914C /* AFImageRequestOperation.m */ = {isa = PBXFileReference; fileEncoding = 4; lastKnownFileType = sourcecode.c.objc; path = AFImageRequestOperation.m; sourceTree = "<group>"; };
		14C1E30E16246F4B005D914C /* AFJSONRequestOperation.h */ = {isa = PBXFileReference; fileEncoding = 4; lastKnownFileType = sourcecode.c.h; path = AFJSONRequestOperation.h; sourceTree = "<group>"; };
		14C1E30F16246F4B005D914C /* AFJSONRequestOperation.m */ = {isa = PBXFileReference; fileEncoding = 4; lastKnownFileType = sourcecode.c.objc; path = AFJSONRequestOperation.m; sourceTree = "<group>"; };
		14C1E31016246F4B005D914C /* AFJSONUtilities.h */ = {isa = PBXFileReference; fileEncoding = 4; lastKnownFileType = sourcecode.c.h; path = AFJSONUtilities.h; sourceTree = "<group>"; };
		14C1E31116246F4B005D914C /* AFJSONUtilities.m */ = {isa = PBXFileReference; fileEncoding = 4; lastKnownFileType = sourcecode.c.objc; path = AFJSONUtilities.m; sourceTree = "<group>"; };
		14C1E31216246F4B005D914C /* AFNetworkActivityIndicatorManager.h */ = {isa = PBXFileReference; fileEncoding = 4; lastKnownFileType = sourcecode.c.h; path = AFNetworkActivityIndicatorManager.h; sourceTree = "<group>"; };
		14C1E31316246F4B005D914C /* AFNetworkActivityIndicatorManager.m */ = {isa = PBXFileReference; fileEncoding = 4; lastKnownFileType = sourcecode.c.objc; path = AFNetworkActivityIndicatorManager.m; sourceTree = "<group>"; };
		14C1E31416246F4B005D914C /* AFNetworking.h */ = {isa = PBXFileReference; fileEncoding = 4; lastKnownFileType = sourcecode.c.h; path = AFNetworking.h; sourceTree = "<group>"; };
		14C1E31516246F4B005D914C /* AFPropertyListRequestOperation.h */ = {isa = PBXFileReference; fileEncoding = 4; lastKnownFileType = sourcecode.c.h; path = AFPropertyListRequestOperation.h; sourceTree = "<group>"; };
		14C1E31616246F4B005D914C /* AFPropertyListRequestOperation.m */ = {isa = PBXFileReference; fileEncoding = 4; lastKnownFileType = sourcecode.c.objc; path = AFPropertyListRequestOperation.m; sourceTree = "<group>"; };
		14C1E31716246F4B005D914C /* AFURLConnectionOperation.h */ = {isa = PBXFileReference; fileEncoding = 4; lastKnownFileType = sourcecode.c.h; path = AFURLConnectionOperation.h; sourceTree = "<group>"; };
		14C1E31816246F4B005D914C /* AFURLConnectionOperation.m */ = {isa = PBXFileReference; fileEncoding = 4; lastKnownFileType = sourcecode.c.objc; path = AFURLConnectionOperation.m; sourceTree = "<group>"; };
		14C1E31916246F4B005D914C /* AFXMLRequestOperation.h */ = {isa = PBXFileReference; fileEncoding = 4; lastKnownFileType = sourcecode.c.h; path = AFXMLRequestOperation.h; sourceTree = "<group>"; };
		14C1E31A16246F4B005D914C /* AFXMLRequestOperation.m */ = {isa = PBXFileReference; fileEncoding = 4; lastKnownFileType = sourcecode.c.objc; path = AFXMLRequestOperation.m; sourceTree = "<group>"; };
		14C1E31B16246F4B005D914C /* UIImageView+AFNetworking.h */ = {isa = PBXFileReference; fileEncoding = 4; lastKnownFileType = sourcecode.c.h; path = "UIImageView+AFNetworking.h"; sourceTree = "<group>"; };
		14C1E31C16246F4B005D914C /* UIImageView+AFNetworking.m */ = {isa = PBXFileReference; fileEncoding = 4; lastKnownFileType = sourcecode.c.objc; path = "UIImageView+AFNetworking.m"; sourceTree = "<group>"; };
		14C1E32716246F5D005D914C /* AFOAuth1Client.h */ = {isa = PBXFileReference; fileEncoding = 4; lastKnownFileType = sourcecode.c.h; name = AFOAuth1Client.h; path = ../../../AFOAuth1Client/AFOAuth1Client.h; sourceTree = "<group>"; };
		14C1E32816246F5D005D914C /* AFOAuth1Client.m */ = {isa = PBXFileReference; fileEncoding = 4; lastKnownFileType = sourcecode.c.objc; name = AFOAuth1Client.m; path = ../../../AFOAuth1Client/AFOAuth1Client.m; sourceTree = "<group>"; };
		14C1E33016246F7C005D914C /* MDLMendeleyAPIClient.h */ = {isa = PBXFileReference; fileEncoding = 4; lastKnownFileType = sourcecode.c.h; path = MDLMendeleyAPIClient.h; sourceTree = "<group>"; };
		14C1E33116246F7C005D914C /* MDLMendeleyAPIClient.m */ = {isa = PBXFileReference; fileEncoding = 4; lastKnownFileType = sourcecode.c.objc; path = MDLMendeleyAPIClient.m; sourceTree = "<group>"; };
		14C1E33816247003005D914C /* CoreData.framework */ = {isa = PBXFileReference; lastKnownFileType = wrapper.framework; name = CoreData.framework; path = System/Library/Frameworks/CoreData.framework; sourceTree = SDKROOT; };
		14C1E33A1624715D005D914C /* MDLDocument.h */ = {isa = PBXFileReference; fileEncoding = 4; lastKnownFileType = sourcecode.c.h; path = MDLDocument.h; sourceTree = "<group>"; };
		14C1E33B1624715D005D914C /* MDLDocument.m */ = {isa = PBXFileReference; fileEncoding = 4; lastKnownFileType = sourcecode.c.objc; path = MDLDocument.m; sourceTree = "<group>"; };
/* End PBXFileReference section */

/* Begin PBXFrameworksBuildPhase section */
		14C1E2C216246F27005D914C /* Frameworks */ = {
			isa = PBXFrameworksBuildPhase;
			buildActionMask = 2147483647;
			files = (
				14C1E33916247003005D914C /* CoreData.framework in Frameworks */,
				14C1E2CA16246F27005D914C /* UIKit.framework in Frameworks */,
				14C1E2CC16246F27005D914C /* Foundation.framework in Frameworks */,
				14C1E2CE16246F27005D914C /* CoreGraphics.framework in Frameworks */,
			);
			runOnlyForDeploymentPostprocessing = 0;
		};
		14C1E2EB16246F28005D914C /* Frameworks */ = {
			isa = PBXFrameworksBuildPhase;
			buildActionMask = 2147483647;
			files = (
				14C1E2F116246F28005D914C /* SenTestingKit.framework in Frameworks */,
				14C1E2F216246F28005D914C /* UIKit.framework in Frameworks */,
				14C1E2F316246F28005D914C /* Foundation.framework in Frameworks */,
			);
			runOnlyForDeploymentPostprocessing = 0;
		};
/* End PBXFrameworksBuildPhase section */

/* Begin PBXGroup section */
		141E670916273371002939D2 /* Icons */ = {
			isa = PBXGroup;
			children = (
				141E67071627331C002939D2 /* Icon-72@2x.png */,
				141E670516273319002939D2 /* Icon-72.png */,
				141E670316273311002939D2 /* Icon@2x.png */,
				141E67011627330E002939D2 /* Icon.png */,
			);
			name = Icons;
			sourceTree = "<group>";
		};
		14C1E2BA16246F27005D914C = {
			isa = PBXGroup;
			children = (
				14C1E2CF16246F27005D914C /* MendeleySDKDemo */,
				14C1E2F616246F28005D914C /* MendeleySDKDemoTests */,
				14C1E2C816246F27005D914C /* Frameworks */,
				14C1E2C616246F27005D914C /* Products */,
			);
			sourceTree = "<group>";
		};
		14C1E2C616246F27005D914C /* Products */ = {
			isa = PBXGroup;
			children = (
				14C1E2C516246F27005D914C /* MendeleySDKDemo.app */,
				14C1E2EF16246F28005D914C /* MendeleySDKDemoTests.octest */,
			);
			name = Products;
			sourceTree = "<group>";
		};
		14C1E2C816246F27005D914C /* Frameworks */ = {
			isa = PBXGroup;
			children = (
				14C1E33816247003005D914C /* CoreData.framework */,
				14C1E2C916246F27005D914C /* UIKit.framework */,
				14C1E2CB16246F27005D914C /* Foundation.framework */,
				14C1E2CD16246F27005D914C /* CoreGraphics.framework */,
				14C1E2F016246F28005D914C /* SenTestingKit.framework */,
			);
			name = Frameworks;
			sourceTree = "<group>";
		};
		14C1E2CF16246F27005D914C /* MendeleySDKDemo */ = {
			isa = PBXGroup;
			children = (
				14C1E30716246F4B005D914C /* AFNetworking */,
				14C1E32A16246F62005D914C /* AFOAuth1Client */,
				14C1E32C16246F7C005D914C /* MendeleySDK */,
				14C1E33716246FE5005D914C /* Interface */,
				14C1E2D816246F27005D914C /* MDLAppDelegate.h */,
				14C1E2D916246F27005D914C /* MDLAppDelegate.m */,
				14C1E2D016246F27005D914C /* Supporting Files */,
				141E670916273371002939D2 /* Icons */,
			);
			path = MendeleySDKDemo;
			sourceTree = "<group>";
		};
		14C1E2D016246F27005D914C /* Supporting Files */ = {
			isa = PBXGroup;
			children = (
				14C1E2D116246F27005D914C /* MendeleySDKDemo-Info.plist */,
				14C1E2D216246F27005D914C /* InfoPlist.strings */,
				14C1E2D516246F27005D914C /* main.m */,
				14C1E2D716246F27005D914C /* MendeleySDKDemo-Prefix.pch */,
				14C1E2DB16246F27005D914C /* Default.png */,
				14C1E2DD16246F27005D914C /* Default@2x.png */,
				14C1E2DF16246F27005D914C /* Default-568h@2x.png */,
			);
			name = "Supporting Files";
			sourceTree = "<group>";
		};
		14C1E2F616246F28005D914C /* MendeleySDKDemoTests */ = {
			isa = PBXGroup;
			children = (
				14C1E2FC16246F28005D914C /* MendeleySDKDemoTests.h */,
				14C1E2FD16246F28005D914C /* MendeleySDKDemoTests.m */,
				14C1E2F716246F28005D914C /* Supporting Files */,
			);
			path = MendeleySDKDemoTests;
			sourceTree = "<group>";
		};
		14C1E2F716246F28005D914C /* Supporting Files */ = {
			isa = PBXGroup;
			children = (
				14C1E2F816246F28005D914C /* MendeleySDKDemoTests-Info.plist */,
				14C1E2F916246F28005D914C /* InfoPlist.strings */,
			);
			name = "Supporting Files";
			sourceTree = "<group>";
		};
		14C1E30716246F4B005D914C /* AFNetworking */ = {
			isa = PBXGroup;
			children = (
				14C1E30816246F4B005D914C /* AFHTTPClient.h */,
				14C1E30916246F4B005D914C /* AFHTTPClient.m */,
				14C1E30A16246F4B005D914C /* AFHTTPRequestOperation.h */,
				14C1E30B16246F4B005D914C /* AFHTTPRequestOperation.m */,
				14C1E30C16246F4B005D914C /* AFImageRequestOperation.h */,
				14C1E30D16246F4B005D914C /* AFImageRequestOperation.m */,
				14C1E30E16246F4B005D914C /* AFJSONRequestOperation.h */,
				14C1E30F16246F4B005D914C /* AFJSONRequestOperation.m */,
				14C1E31016246F4B005D914C /* AFJSONUtilities.h */,
				14C1E31116246F4B005D914C /* AFJSONUtilities.m */,
				14C1E31216246F4B005D914C /* AFNetworkActivityIndicatorManager.h */,
				14C1E31316246F4B005D914C /* AFNetworkActivityIndicatorManager.m */,
				14C1E31416246F4B005D914C /* AFNetworking.h */,
				14C1E31516246F4B005D914C /* AFPropertyListRequestOperation.h */,
				14C1E31616246F4B005D914C /* AFPropertyListRequestOperation.m */,
				14C1E31716246F4B005D914C /* AFURLConnectionOperation.h */,
				14C1E31816246F4B005D914C /* AFURLConnectionOperation.m */,
				14C1E31916246F4B005D914C /* AFXMLRequestOperation.h */,
				14C1E31A16246F4B005D914C /* AFXMLRequestOperation.m */,
				14C1E31B16246F4B005D914C /* UIImageView+AFNetworking.h */,
				14C1E31C16246F4B005D914C /* UIImageView+AFNetworking.m */,
			);
			name = AFNetworking;
			path = ../../../AFOAuth1Client/AFNetworking/AFNetworking;
			sourceTree = "<group>";
		};
		14C1E32A16246F62005D914C /* AFOAuth1Client */ = {
			isa = PBXGroup;
			children = (
				14C1E32716246F5D005D914C /* AFOAuth1Client.h */,
				14C1E32816246F5D005D914C /* AFOAuth1Client.m */,
			);
			name = AFOAuth1Client;
			sourceTree = "<group>";
		};
		14C1E32C16246F7C005D914C /* MendeleySDK */ = {
			isa = PBXGroup;
			children = (
				14C1E33A1624715D005D914C /* MDLDocument.h */,
				14C1E33B1624715D005D914C /* MDLDocument.m */,
				14C1E33016246F7C005D914C /* MDLMendeleyAPIClient.h */,
				14C1E33116246F7C005D914C /* MDLMendeleyAPIClient.m */,
			);
			name = MendeleySDK;
			path = ../../../MendeleySDK;
			sourceTree = "<group>";
		};
		14C1E33716246FE5005D914C /* Interface */ = {
			isa = PBXGroup;
			children = (
				14C1E2E116246F27005D914C /* MainStoryboard_iPhone.storyboard */,
				14C1E2E716246F27005D914C /* MDLDocumentCreatorViewController.h */,
				14C1E2E816246F27005D914C /* MDLDocumentCreatorViewController.m */,
				141E66FE16272670002939D2 /* MDLDocumentSearchViewController.h */,
				141E66FF16272670002939D2 /* MDLDocumentSearchViewController.m */,
				14AFCB661626DFD800AC81A6 /* MDLDocumentSearchResultsViewController.h */,
				14AFCB671626DFD800AC81A6 /* MDLDocumentSearchResultsViewController.m */,
			);
			name = Interface;
			sourceTree = "<group>";
		};
/* End PBXGroup section */

/* Begin PBXNativeTarget section */
		14C1E2C416246F27005D914C /* MendeleySDKDemo */ = {
			isa = PBXNativeTarget;
			buildConfigurationList = 14C1E30116246F28005D914C /* Build configuration list for PBXNativeTarget "MendeleySDKDemo" */;
			buildPhases = (
				14C1E2C116246F27005D914C /* Sources */,
				14C1E2C216246F27005D914C /* Frameworks */,
				14C1E2C316246F27005D914C /* Resources */,
			);
			buildRules = (
			);
			dependencies = (
			);
			name = MendeleySDKDemo;
			productName = MendeleySDKDemo;
			productReference = 14C1E2C516246F27005D914C /* MendeleySDKDemo.app */;
			productType = "com.apple.product-type.application";
		};
		14C1E2EE16246F28005D914C /* MendeleySDKDemoTests */ = {
			isa = PBXNativeTarget;
			buildConfigurationList = 14C1E30416246F28005D914C /* Build configuration list for PBXNativeTarget "MendeleySDKDemoTests" */;
			buildPhases = (
				14C1E2EA16246F28005D914C /* Sources */,
				14C1E2EB16246F28005D914C /* Frameworks */,
				14C1E2EC16246F28005D914C /* Resources */,
				14C1E2ED16246F28005D914C /* ShellScript */,
			);
			buildRules = (
			);
			dependencies = (
				14C1E2F516246F28005D914C /* PBXTargetDependency */,
			);
			name = MendeleySDKDemoTests;
			productName = MendeleySDKDemoTests;
			productReference = 14C1E2EF16246F28005D914C /* MendeleySDKDemoTests.octest */;
			productType = "com.apple.product-type.bundle";
		};
/* End PBXNativeTarget section */

/* Begin PBXProject section */
		14C1E2BC16246F27005D914C /* Project object */ = {
			isa = PBXProject;
			attributes = {
				CLASSPREFIX = MDL;
				LastUpgradeCheck = 0450;
				ORGANIZATIONNAME = shazino;
			};
			buildConfigurationList = 14C1E2BF16246F27005D914C /* Build configuration list for PBXProject "MendeleySDKDemo" */;
			compatibilityVersion = "Xcode 3.2";
			developmentRegion = English;
			hasScannedForEncodings = 0;
			knownRegions = (
				en,
			);
			mainGroup = 14C1E2BA16246F27005D914C;
			productRefGroup = 14C1E2C616246F27005D914C /* Products */;
			projectDirPath = "";
			projectRoot = "";
			targets = (
				14C1E2C416246F27005D914C /* MendeleySDKDemo */,
				14C1E2EE16246F28005D914C /* MendeleySDKDemoTests */,
			);
		};
/* End PBXProject section */

/* Begin PBXResourcesBuildPhase section */
		14C1E2C316246F27005D914C /* Resources */ = {
			isa = PBXResourcesBuildPhase;
			buildActionMask = 2147483647;
			files = (
				14C1E2D416246F27005D914C /* InfoPlist.strings in Resources */,
				14C1E2DC16246F27005D914C /* Default.png in Resources */,
				14C1E2DE16246F27005D914C /* Default@2x.png in Resources */,
				14C1E2E016246F27005D914C /* Default-568h@2x.png in Resources */,
				14C1E2E316246F27005D914C /* MainStoryboard_iPhone.storyboard in Resources */,
				141E67021627330E002939D2 /* Icon.png in Resources */,
				141E670416273311002939D2 /* Icon@2x.png in Resources */,
				141E670616273319002939D2 /* Icon-72.png in Resources */,
				141E67081627331C002939D2 /* Icon-72@2x.png in Resources */,
			);
			runOnlyForDeploymentPostprocessing = 0;
		};
		14C1E2EC16246F28005D914C /* Resources */ = {
			isa = PBXResourcesBuildPhase;
			buildActionMask = 2147483647;
			files = (
				14C1E2FB16246F28005D914C /* InfoPlist.strings in Resources */,
			);
			runOnlyForDeploymentPostprocessing = 0;
		};
/* End PBXResourcesBuildPhase section */

/* Begin PBXShellScriptBuildPhase section */
		14C1E2ED16246F28005D914C /* ShellScript */ = {
			isa = PBXShellScriptBuildPhase;
			buildActionMask = 2147483647;
			files = (
			);
			inputPaths = (
			);
			outputPaths = (
			);
			runOnlyForDeploymentPostprocessing = 0;
			shellPath = /bin/sh;
			shellScript = "# Run the unit tests in this test bundle.\n\"${SYSTEM_DEVELOPER_DIR}/Tools/RunUnitTests\"\n";
		};
/* End PBXShellScriptBuildPhase section */

/* Begin PBXSourcesBuildPhase section */
		14C1E2C116246F27005D914C /* Sources */ = {
			isa = PBXSourcesBuildPhase;
			buildActionMask = 2147483647;
			files = (
				14C1E2D616246F27005D914C /* main.m in Sources */,
				14C1E2DA16246F27005D914C /* MDLAppDelegate.m in Sources */,
				14C1E2E916246F27005D914C /* MDLDocumentCreatorViewController.m in Sources */,
				14C1E31D16246F4B005D914C /* AFHTTPClient.m in Sources */,
				14C1E31E16246F4B005D914C /* AFHTTPRequestOperation.m in Sources */,
				14C1E31F16246F4B005D914C /* AFImageRequestOperation.m in Sources */,
				14C1E32016246F4B005D914C /* AFJSONRequestOperation.m in Sources */,
				14C1E32116246F4B005D914C /* AFJSONUtilities.m in Sources */,
				14C1E32216246F4B005D914C /* AFNetworkActivityIndicatorManager.m in Sources */,
				14C1E32316246F4B005D914C /* AFPropertyListRequestOperation.m in Sources */,
				14C1E32416246F4B005D914C /* AFURLConnectionOperation.m in Sources */,
				14C1E32516246F4B005D914C /* AFXMLRequestOperation.m in Sources */,
				14C1E32616246F4B005D914C /* UIImageView+AFNetworking.m in Sources */,
				14C1E32916246F5D005D914C /* AFOAuth1Client.m in Sources */,
				14C1E33516246F7C005D914C /* MDLMendeleyAPIClient.m in Sources */,
				14C1E33C1624715D005D914C /* MDLDocument.m in Sources */,
				14AFCB681626DFD900AC81A6 /* MDLDocumentSearchResultsViewController.m in Sources */,
				141E670016272670002939D2 /* MDLDocumentSearchViewController.m in Sources */,
			);
			runOnlyForDeploymentPostprocessing = 0;
		};
		14C1E2EA16246F28005D914C /* Sources */ = {
			isa = PBXSourcesBuildPhase;
			buildActionMask = 2147483647;
			files = (
				14C1E2FE16246F28005D914C /* MendeleySDKDemoTests.m in Sources */,
			);
			runOnlyForDeploymentPostprocessing = 0;
		};
/* End PBXSourcesBuildPhase section */

/* Begin PBXTargetDependency section */
		14C1E2F516246F28005D914C /* PBXTargetDependency */ = {
			isa = PBXTargetDependency;
			target = 14C1E2C416246F27005D914C /* MendeleySDKDemo */;
			targetProxy = 14C1E2F416246F28005D914C /* PBXContainerItemProxy */;
		};
/* End PBXTargetDependency section */

/* Begin PBXVariantGroup section */
		14C1E2D216246F27005D914C /* InfoPlist.strings */ = {
			isa = PBXVariantGroup;
			children = (
				14C1E2D316246F27005D914C /* en */,
			);
			name = InfoPlist.strings;
			path = ../MendeleySDKDemo;
			sourceTree = "<group>";
		};
		14C1E2E116246F27005D914C /* MainStoryboard_iPhone.storyboard */ = {
			isa = PBXVariantGroup;
			children = (
				14C1E2E216246F27005D914C /* en */,
			);
			name = MainStoryboard_iPhone.storyboard;
			path = ../MendeleySDKDemo;
			sourceTree = "<group>";
		};
		14C1E2F916246F28005D914C /* InfoPlist.strings */ = {
			isa = PBXVariantGroup;
			children = (
				14C1E2FA16246F28005D914C /* en */,
			);
			name = InfoPlist.strings;
			path = ../MendeleySDKDemoTests;
			sourceTree = "<group>";
		};
/* End PBXVariantGroup section */

/* Begin XCBuildConfiguration section */
		14C1E2FF16246F28005D914C /* Debug */ = {
			isa = XCBuildConfiguration;
			buildSettings = {
				ALWAYS_SEARCH_USER_PATHS = NO;
				CLANG_CXX_LANGUAGE_STANDARD = "gnu++0x";
				CLANG_CXX_LIBRARY = "libc++";
				CLANG_ENABLE_OBJC_ARC = YES;
				CLANG_WARN_EMPTY_BODY = YES;
				CLANG_WARN__DUPLICATE_METHOD_MATCH = YES;
				"CODE_SIGN_IDENTITY[sdk=iphoneos*]" = "iPhone Developer";
				COPY_PHASE_STRIP = NO;
				GCC_C_LANGUAGE_STANDARD = gnu99;
				GCC_DYNAMIC_NO_PIC = NO;
				GCC_OPTIMIZATION_LEVEL = 0;
				GCC_PREPROCESSOR_DEFINITIONS = (
					"DEBUG=1",
					"$(inherited)",
				);
				GCC_SYMBOLS_PRIVATE_EXTERN = NO;
				GCC_WARN_ABOUT_RETURN_TYPE = YES;
				GCC_WARN_UNINITIALIZED_AUTOS = YES;
				GCC_WARN_UNUSED_VARIABLE = YES;
				IPHONEOS_DEPLOYMENT_TARGET = 6.0;
				SDKROOT = iphoneos;
				TARGETED_DEVICE_FAMILY = "1,2";
			};
			name = Debug;
		};
		14C1E30016246F28005D914C /* Release */ = {
			isa = XCBuildConfiguration;
			buildSettings = {
				ALWAYS_SEARCH_USER_PATHS = NO;
				CLANG_CXX_LANGUAGE_STANDARD = "gnu++0x";
				CLANG_CXX_LIBRARY = "libc++";
				CLANG_ENABLE_OBJC_ARC = YES;
				CLANG_WARN_EMPTY_BODY = YES;
				CLANG_WARN__DUPLICATE_METHOD_MATCH = YES;
				"CODE_SIGN_IDENTITY[sdk=iphoneos*]" = "iPhone Developer";
				COPY_PHASE_STRIP = YES;
				GCC_C_LANGUAGE_STANDARD = gnu99;
				GCC_WARN_ABOUT_RETURN_TYPE = YES;
				GCC_WARN_UNINITIALIZED_AUTOS = YES;
				GCC_WARN_UNUSED_VARIABLE = YES;
				IPHONEOS_DEPLOYMENT_TARGET = 6.0;
				OTHER_CFLAGS = "-DNS_BLOCK_ASSERTIONS=1";
				SDKROOT = iphoneos;
				TARGETED_DEVICE_FAMILY = "1,2";
				VALIDATE_PRODUCT = YES;
			};
			name = Release;
		};
		14C1E30216246F28005D914C /* Debug */ = {
			isa = XCBuildConfiguration;
			buildSettings = {
				GCC_PRECOMPILE_PREFIX_HEADER = YES;
				GCC_PREFIX_HEADER = "MendeleySDKDemo/MendeleySDKDemo-Prefix.pch";
				INFOPLIST_FILE = "MendeleySDKDemo/MendeleySDKDemo-Info.plist";
				PRODUCT_NAME = MendeleySDKDemo;
				WRAPPER_EXTENSION = app;
			};
			name = Debug;
		};
		14C1E30316246F28005D914C /* Release */ = {
			isa = XCBuildConfiguration;
			buildSettings = {
				GCC_PRECOMPILE_PREFIX_HEADER = YES;
				GCC_PREFIX_HEADER = "MendeleySDKDemo/MendeleySDKDemo-Prefix.pch";
				INFOPLIST_FILE = "MendeleySDKDemo/MendeleySDKDemo-Info.plist";
				PRODUCT_NAME = MendeleySDKDemo;
				WRAPPER_EXTENSION = app;
			};
			name = Release;
		};
		14C1E30516246F28005D914C /* Debug */ = {
			isa = XCBuildConfiguration;
			buildSettings = {
				BUNDLE_LOADER = "$(BUILT_PRODUCTS_DIR)/MendeleySDKDemo.app/MendeleySDKDemo";
				FRAMEWORK_SEARCH_PATHS = (
					"\"$(SDKROOT)/Developer/Library/Frameworks\"",
					"\"$(DEVELOPER_LIBRARY_DIR)/Frameworks\"",
				);
				GCC_PRECOMPILE_PREFIX_HEADER = YES;
				GCC_PREFIX_HEADER = "MendeleySDKDemo/MendeleySDKDemo-Prefix.pch";
				INFOPLIST_FILE = "MendeleySDKDemoTests/MendeleySDKDemoTests-Info.plist";
				PRODUCT_NAME = MendeleySDKDemoTests;
				TEST_HOST = "$(BUNDLE_LOADER)";
				WRAPPER_EXTENSION = octest;
			};
			name = Debug;
		};
		14C1E30616246F28005D914C /* Release */ = {
			isa = XCBuildConfiguration;
			buildSettings = {
				BUNDLE_LOADER = "$(BUILT_PRODUCTS_DIR)/MendeleySDKDemo.app/MendeleySDKDemo";
				FRAMEWORK_SEARCH_PATHS = (
					"\"$(SDKROOT)/Developer/Library/Frameworks\"",
					"\"$(DEVELOPER_LIBRARY_DIR)/Frameworks\"",
				);
				GCC_PRECOMPILE_PREFIX_HEADER = YES;
				GCC_PREFIX_HEADER = "MendeleySDKDemo/MendeleySDKDemo-Prefix.pch";
				INFOPLIST_FILE = "MendeleySDKDemoTests/MendeleySDKDemoTests-Info.plist";
				PRODUCT_NAME = MendeleySDKDemoTests;
				TEST_HOST = "$(BUNDLE_LOADER)";
				WRAPPER_EXTENSION = octest;
			};
			name = Release;
		};
/* End XCBuildConfiguration section */

/* Begin XCConfigurationList section */
		14C1E2BF16246F27005D914C /* Build configuration list for PBXProject "MendeleySDKDemo" */ = {
			isa = XCConfigurationList;
			buildConfigurations = (
				14C1E2FF16246F28005D914C /* Debug */,
				14C1E30016246F28005D914C /* Release */,
			);
			defaultConfigurationIsVisible = 0;
			defaultConfigurationName = Release;
		};
		14C1E30116246F28005D914C /* Build configuration list for PBXNativeTarget "MendeleySDKDemo" */ = {
			isa = XCConfigurationList;
			buildConfigurations = (
				14C1E30216246F28005D914C /* Debug */,
				14C1E30316246F28005D914C /* Release */,
			);
			defaultConfigurationIsVisible = 0;
			defaultConfigurationName = Release;
		};
		14C1E30416246F28005D914C /* Build configuration list for PBXNativeTarget "MendeleySDKDemoTests" */ = {
			isa = XCConfigurationList;
			buildConfigurations = (
				14C1E30516246F28005D914C /* Debug */,
				14C1E30616246F28005D914C /* Release */,
			);
			defaultConfigurationIsVisible = 0;
			defaultConfigurationName = Release;
		};
/* End XCConfigurationList section */
	};
	rootObject = 14C1E2BC16246F27005D914C /* Project object */;
}
